// !$*UTF8*$!
{
	archiveVersion = 1;
	classes = {
	};
	objectVersion = 46;
	objects = {

/* Begin PBXBuildFile section */
		E240080D1E5CF1A400ACE989 /* AppDelegate.swift in Sources */ = {isa = PBXBuildFile; fileRef = E240080C1E5CF1A400ACE989 /* AppDelegate.swift */; };
		E240080F1E5CF1A400ACE989 /* ViewController.swift in Sources */ = {isa = PBXBuildFile; fileRef = E240080E1E5CF1A400ACE989 /* ViewController.swift */; };
		E24008121E5CF1A400ACE989 /* Main.storyboard in Resources */ = {isa = PBXBuildFile; fileRef = E24008101E5CF1A400ACE989 /* Main.storyboard */; };
		E24008141E5CF1A400ACE989 /* Assets.xcassets in Resources */ = {isa = PBXBuildFile; fileRef = E24008131E5CF1A400ACE989 /* Assets.xcassets */; };
		E24008171E5CF1A400ACE989 /* LaunchScreen.storyboard in Resources */ = {isa = PBXBuildFile; fileRef = E24008151E5CF1A400ACE989 /* LaunchScreen.storyboard */; };
		E24008221E5CF1A500ACE989 /* kataShortestPathLengthTests.swift in Sources */ = {isa = PBXBuildFile; fileRef = E24008211E5CF1A500ACE989 /* kataShortestPathLengthTests.swift */; };
		E240082F1E5D34F100ACE989 /* ShortestPath.swift in Sources */ = {isa = PBXBuildFile; fileRef = E240082E1E5D34F100ACE989 /* ShortestPath.swift */; };
/* End PBXBuildFile section */

/* Begin PBXContainerItemProxy section */
		E240081E1E5CF1A500ACE989 /* PBXContainerItemProxy */ = {
			isa = PBXContainerItemProxy;
			containerPortal = E24008011E5CF1A400ACE989 /* Project object */;
			proxyType = 1;
			remoteGlobalIDString = E24008081E5CF1A400ACE989;
			remoteInfo = kataShortestPathLength;
		};
/* End PBXContainerItemProxy section */

/* Begin PBXFileReference section */
		E24008091E5CF1A400ACE989 /* kataShortestPathLength.app */ = {isa = PBXFileReference; explicitFileType = wrapper.application; includeInIndex = 0; path = kataShortestPathLength.app; sourceTree = BUILT_PRODUCTS_DIR; };
		E240080C1E5CF1A400ACE989 /* AppDelegate.swift */ = {isa = PBXFileReference; lastKnownFileType = sourcecode.swift; path = AppDelegate.swift; sourceTree = "<group>"; };
		E240080E1E5CF1A400ACE989 /* ViewController.swift */ = {isa = PBXFileReference; lastKnownFileType = sourcecode.swift; path = ViewController.swift; sourceTree = "<group>"; };
		E24008111E5CF1A400ACE989 /* Base */ = {isa = PBXFileReference; lastKnownFileType = file.storyboard; name = Base; path = Base.lproj/Main.storyboard; sourceTree = "<group>"; };
		E24008131E5CF1A400ACE989 /* Assets.xcassets */ = {isa = PBXFileReference; lastKnownFileType = folder.assetcatalog; path = Assets.xcassets; sourceTree = "<group>"; };
		E24008161E5CF1A400ACE989 /* Base */ = {isa = PBXFileReference; lastKnownFileType = file.storyboard; name = Base; path = Base.lproj/LaunchScreen.storyboard; sourceTree = "<group>"; };
		E24008181E5CF1A400ACE989 /* Info.plist */ = {isa = PBXFileReference; lastKnownFileType = text.plist.xml; path = Info.plist; sourceTree = "<group>"; };
		E240081D1E5CF1A500ACE989 /* kataShortestPathLengthTests.xctest */ = {isa = PBXFileReference; explicitFileType = wrapper.cfbundle; includeInIndex = 0; path = kataShortestPathLengthTests.xctest; sourceTree = BUILT_PRODUCTS_DIR; };
		E24008211E5CF1A500ACE989 /* kataShortestPathLengthTests.swift */ = {isa = PBXFileReference; lastKnownFileType = sourcecode.swift; path = kataShortestPathLengthTests.swift; sourceTree = "<group>"; };
		E24008231E5CF1A500ACE989 /* Info.plist */ = {isa = PBXFileReference; lastKnownFileType = text.plist.xml; path = Info.plist; sourceTree = "<group>"; };
		E240082E1E5D34F100ACE989 /* ShortestPath.swift */ = {isa = PBXFileReference; fileEncoding = 4; lastKnownFileType = sourcecode.swift; path = ShortestPath.swift; sourceTree = "<group>"; };
/* End PBXFileReference section */

/* Begin PBXFrameworksBuildPhase section */
		E24008061E5CF1A400ACE989 /* Frameworks */ = {
			isa = PBXFrameworksBuildPhase;
			buildActionMask = 2147483647;
			files = (
			);
			runOnlyForDeploymentPostprocessing = 0;
		};
		E240081A1E5CF1A500ACE989 /* Frameworks */ = {
			isa = PBXFrameworksBuildPhase;
			buildActionMask = 2147483647;
			files = (
			);
			runOnlyForDeploymentPostprocessing = 0;
		};
/* End PBXFrameworksBuildPhase section */

/* Begin PBXGroup section */
		E24008001E5CF1A400ACE989 = {
			isa = PBXGroup;
			children = (
				E240080B1E5CF1A400ACE989 /* kataShortestPathLength */,
				E24008201E5CF1A500ACE989 /* kataShortestPathLengthTests */,
				E240080A1E5CF1A400ACE989 /* Products */,
			);
			sourceTree = "<group>";
		};
		E240080A1E5CF1A400ACE989 /* Products */ = {
			isa = PBXGroup;
			children = (
				E24008091E5CF1A400ACE989 /* kataShortestPathLength.app */,
				E240081D1E5CF1A500ACE989 /* kataShortestPathLengthTests.xctest */,
			);
			name = Products;
			sourceTree = "<group>";
		};
		E240080B1E5CF1A400ACE989 /* kataShortestPathLength */ = {
			isa = PBXGroup;
			children = (
				E240080C1E5CF1A400ACE989 /* AppDelegate.swift */,
				E240080E1E5CF1A400ACE989 /* ViewController.swift */,
				E240082E1E5D34F100ACE989 /* ShortestPath.swift */,
				E24008101E5CF1A400ACE989 /* Main.storyboard */,
				E24008131E5CF1A400ACE989 /* Assets.xcassets */,
				E24008151E5CF1A400ACE989 /* LaunchScreen.storyboard */,
				E24008181E5CF1A400ACE989 /* Info.plist */,
			);
			path = kataShortestPathLength;
			sourceTree = "<group>";
		};
		E24008201E5CF1A500ACE989 /* kataShortestPathLengthTests */ = {
			isa = PBXGroup;
			children = (
				E24008211E5CF1A500ACE989 /* kataShortestPathLengthTests.swift */,
				E24008231E5CF1A500ACE989 /* Info.plist */,
			);
			path = kataShortestPathLengthTests;
			sourceTree = "<group>";
		};
/* End PBXGroup section */

/* Begin PBXNativeTarget section */
		E24008081E5CF1A400ACE989 /* kataShortestPathLength */ = {
			isa = PBXNativeTarget;
			buildConfigurationList = E24008261E5CF1A500ACE989 /* Build configuration list for PBXNativeTarget "kataShortestPathLength" */;
			buildPhases = (
				E24008051E5CF1A400ACE989 /* Sources */,
				E24008061E5CF1A400ACE989 /* Frameworks */,
				E24008071E5CF1A400ACE989 /* Resources */,
			);
			buildRules = (
			);
			dependencies = (
			);
			name = kataShortestPathLength;
			productName = kataShortestPathLength;
			productReference = E24008091E5CF1A400ACE989 /* kataShortestPathLength.app */;
			productType = "com.apple.product-type.application";
		};
		E240081C1E5CF1A500ACE989 /* kataShortestPathLengthTests */ = {
			isa = PBXNativeTarget;
			buildConfigurationList = E24008291E5CF1A500ACE989 /* Build configuration list for PBXNativeTarget "kataShortestPathLengthTests" */;
			buildPhases = (
				E24008191E5CF1A500ACE989 /* Sources */,
				E240081A1E5CF1A500ACE989 /* Frameworks */,
				E240081B1E5CF1A500ACE989 /* Resources */,
			);
			buildRules = (
			);
			dependencies = (
				E240081F1E5CF1A500ACE989 /* PBXTargetDependency */,
			);
			name = kataShortestPathLengthTests;
			productName = kataShortestPathLengthTests;
			productReference = E240081D1E5CF1A500ACE989 /* kataShortestPathLengthTests.xctest */;
			productType = "com.apple.product-type.bundle.unit-test";
		};
/* End PBXNativeTarget section */

/* Begin PBXProject section */
		E24008011E5CF1A400ACE989 /* Project object */ = {
			isa = PBXProject;
			attributes = {
				LastSwiftUpdateCheck = 0820;
				LastUpgradeCheck = 0820;
				ORGANIZATIONNAME = "Vivek Vardhan";
				TargetAttributes = {
					E24008081E5CF1A400ACE989 = {
						CreatedOnToolsVersion = 8.2.1;
						ProvisioningStyle = Automatic;
					};
					E240081C1E5CF1A500ACE989 = {
						CreatedOnToolsVersion = 8.2.1;
						ProvisioningStyle = Automatic;
						TestTargetID = E24008081E5CF1A400ACE989;
					};
				};
			};
			buildConfigurationList = E24008041E5CF1A400ACE989 /* Build configuration list for PBXProject "kataShortestPathLength" */;
			compatibilityVersion = "Xcode 3.2";
			developmentRegion = English;
			hasScannedForEncodings = 0;
			knownRegions = (
				en,
				Base,
			);
			mainGroup = E24008001E5CF1A400ACE989;
			productRefGroup = E240080A1E5CF1A400ACE989 /* Products */;
			projectDirPath = "";
			projectRoot = "";
			targets = (
				E24008081E5CF1A400ACE989 /* kataShortestPathLength */,
				E240081C1E5CF1A500ACE989 /* kataShortestPathLengthTests */,
			);
		};
/* End PBXProject section */

/* Begin PBXResourcesBuildPhase section */
		E24008071E5CF1A400ACE989 /* Resources */ = {
			isa = PBXResourcesBuildPhase;
			buildActionMask = 2147483647;
			files = (
				E24008171E5CF1A400ACE989 /* LaunchScreen.storyboard in Resources */,
				E24008141E5CF1A400ACE989 /* Assets.xcassets in Resources */,
				E24008121E5CF1A400ACE989 /* Main.storyboard in Resources */,
			);
			runOnlyForDeploymentPostprocessing = 0;
		};
		E240081B1E5CF1A500ACE989 /* Resources */ = {
			isa = PBXResourcesBuildPhase;
			buildActionMask = 2147483647;
			files = (
			);
			runOnlyForDeploymentPostprocessing = 0;
		};
/* End PBXResourcesBuildPhase section */

/* Begin PBXSourcesBuildPhase section */
		E24008051E5CF1A400ACE989 /* Sources */ = {
			isa = PBXSourcesBuildPhase;
			buildActionMask = 2147483647;
			files = (
				E240080F1E5CF1A400ACE989 /* ViewController.swift in Sources */,
				E240082F1E5D34F100ACE989 /* ShortestPath.swift in Sources */,
				E240080D1E5CF1A400ACE989 /* AppDelegate.swift in Sources */,
			);
			runOnlyForDeploymentPostprocessing = 0;
		};
		E24008191E5CF1A500ACE989 /* Sources */ = {
			isa = PBXSourcesBuildPhase;
			buildActionMask = 2147483647;
			files = (
				E24008221E5CF1A500ACE989 /* kataShortestPathLengthTests.swift in Sources */,
			);
			runOnlyForDeploymentPostprocessing = 0;
		};
/* End PBXSourcesBuildPhase section */

/* Begin PBXTargetDependency section */
		E240081F1E5CF1A500ACE989 /* PBXTargetDependency */ = {
			isa = PBXTargetDependency;
			target = E24008081E5CF1A400ACE989 /* kataShortestPathLength */;
			targetProxy = E240081E1E5CF1A500ACE989 /* PBXContainerItemProxy */;
		};
/* End PBXTargetDependency section */

/* Begin PBXVariantGroup section */
		E24008101E5CF1A400ACE989 /* Main.storyboard */ = {
			isa = PBXVariantGroup;
			children = (
				E24008111E5CF1A400ACE989 /* Base */,
			);
			name = Main.storyboard;
			sourceTree = "<group>";
		};
		E24008151E5CF1A400ACE989 /* LaunchScreen.storyboard */ = {
			isa = PBXVariantGroup;
			children = (
				E24008161E5CF1A400ACE989 /* Base */,
			);
			name = LaunchScreen.storyboard;
			sourceTree = "<group>";
		};
/* End PBXVariantGroup section */

/* Begin XCBuildConfiguration section */
		E24008241E5CF1A500ACE989 /* Debug */ = {
			isa = XCBuildConfiguration;
			buildSettings = {
				ALWAYS_SEARCH_USER_PATHS = NO;
				CLANG_ANALYZER_NONNULL = YES;
				CLANG_CXX_LANGUAGE_STANDARD = "gnu++0x";
				CLANG_CXX_LIBRARY = "libc++";
				CLANG_ENABLE_MODULES = YES;
				CLANG_ENABLE_OBJC_ARC = YES;
				CLANG_WARN_BOOL_CONVERSION = YES;
				CLANG_WARN_CONSTANT_CONVERSION = YES;
				CLANG_WARN_DIRECT_OBJC_ISA_USAGE = YES_ERROR;
				CLANG_WARN_DOCUMENTATION_COMMENTS = YES;
				CLANG_WARN_EMPTY_BODY = YES;
				CLANG_WARN_ENUM_CONVERSION = YES;
				CLANG_WARN_INFINITE_RECURSION = YES;
				CLANG_WARN_INT_CONVERSION = YES;
				CLANG_WARN_OBJC_ROOT_CLASS = YES_ERROR;
				CLANG_WARN_SUSPICIOUS_MOVE = YES;
				CLANG_WARN_UNREACHABLE_CODE = YES;
				CLANG_WARN__DUPLICATE_METHOD_MATCH = YES;
				"CODE_SIGN_IDENTITY[sdk=iphoneos*]" = "iPhone Developer";
				COPY_PHASE_STRIP = NO;
				DEBUG_INFORMATION_FORMAT = dwarf;
				ENABLE_STRICT_OBJC_MSGSEND = YES;
				ENABLE_TESTABILITY = YES;
				GCC_C_LANGUAGE_STANDARD = gnu99;
				GCC_DYNAMIC_NO_PIC = NO;
				GCC_NO_COMMON_BLOCKS = YES;
				GCC_OPTIMIZATION_LEVEL = 0;
				GCC_PREPROCESSOR_DEFINITIONS = (
					"DEBUG=1",
					"$(inherited)",
				);
				GCC_WARN_64_TO_32_BIT_CONVERSION = YES;
				GCC_WARN_ABOUT_RETURN_TYPE = YES_ERROR;
				GCC_WARN_UNDECLARED_SELECTOR = YES;
				GCC_WARN_UNINITIALIZED_AUTOS = YES_AGGRESSIVE;
				GCC_WARN_UNUSED_FUNCTION = YES;
				GCC_WARN_UNUSED_VARIABLE = YES;
				IPHONEOS_DEPLOYMENT_TARGET = 10.2;
				MTL_ENABLE_DEBUG_INFO = YES;
				ONLY_ACTIVE_ARCH = YES;
				SDKROOT = iphoneos;
				SWIFT_ACTIVE_COMPILATION_CONDITIONS = DEBUG;
				SWIFT_OPTIMIZATION_LEVEL = "-Onone";
			};
			name = Debug;
		};
		E24008251E5CF1A500ACE989 /* Release */ = {
			isa = XCBuildConfiguration;
			buildSettings = {
				ALWAYS_SEARCH_USER_PATHS = NO;
				CLANG_ANALYZER_NONNULL = YES;
				CLANG_CXX_LANGUAGE_STANDARD = "gnu++0x";
				CLANG_CXX_LIBRARY = "libc++";
				CLANG_ENABLE_MODULES = YES;
				CLANG_ENABLE_OBJC_ARC = YES;
				CLANG_WARN_BOOL_CONVERSION = YES;
				CLANG_WARN_CONSTANT_CONVERSION = YES;
				CLANG_WARN_DIRECT_OBJC_ISA_USAGE = YES_ERROR;
				CLANG_WARN_DOCUMENTATION_COMMENTS = YES;
				CLANG_WARN_EMPTY_BODY = YES;
				CLANG_WARN_ENUM_CONVERSION = YES;
				CLANG_WARN_INFINITE_RECURSION = YES;
				CLANG_WARN_INT_CONVERSION = YES;
				CLANG_WARN_OBJC_ROOT_CLASS = YES_ERROR;
				CLANG_WARN_SUSPICIOUS_MOVE = YES;
				CLANG_WARN_UNREACHABLE_CODE = YES;
				CLANG_WARN__DUPLICATE_METHOD_MATCH = YES;
				"CODE_SIGN_IDENTITY[sdk=iphoneos*]" = "iPhone Developer";
				COPY_PHASE_STRIP = NO;
				DEBUG_INFORMATION_FORMAT = "dwarf-with-dsym";
				ENABLE_NS_ASSERTIONS = NO;
				ENABLE_STRICT_OBJC_MSGSEND = YES;
				GCC_C_LANGUAGE_STANDARD = gnu99;
				GCC_NO_COMMON_BLOCKS = YES;
				GCC_WARN_64_TO_32_BIT_CONVERSION = YES;
				GCC_WARN_ABOUT_RETURN_TYPE = YES_ERROR;
				GCC_WARN_UNDECLARED_SELECTOR = YES;
				GCC_WARN_UNINITIALIZED_AUTOS = YES_AGGRESSIVE;
				GCC_WARN_UNUSED_FUNCTION = YES;
				GCC_WARN_UNUSED_VARIABLE = YES;
				IPHONEOS_DEPLOYMENT_TARGET = 10.2;
				MTL_ENABLE_DEBUG_INFO = NO;
				SDKROOT = iphoneos;
				SWIFT_OPTIMIZATION_LEVEL = "-Owholemodule";
				VALIDATE_PRODUCT = YES;
			};
			name = Release;
		};
		E24008271E5CF1A500ACE989 /* Debug */ = {
			isa = XCBuildConfiguration;
			buildSettings = {
				ASSETCATALOG_COMPILER_APPICON_NAME = AppIcon;
				INFOPLIST_FILE = kataShortestPathLength/Info.plist;
				LD_RUNPATH_SEARCH_PATHS = "$(inherited) @executable_path/Frameworks";
				PRODUCT_BUNDLE_IDENTIFIER = com.vivekvardhan.kataShortestPathLength;
				PRODUCT_NAME = "$(TARGET_NAME)";
				SWIFT_VERSION = 3.0;
			};
			name = Debug;
		};
		E24008281E5CF1A500ACE989 /* Release */ = {
			isa = XCBuildConfiguration;
			buildSettings = {
				ASSETCATALOG_COMPILER_APPICON_NAME = AppIcon;
				INFOPLIST_FILE = kataShortestPathLength/Info.plist;
				LD_RUNPATH_SEARCH_PATHS = "$(inherited) @executable_path/Frameworks";
				PRODUCT_BUNDLE_IDENTIFIER = com.vivekvardhan.kataShortestPathLength;
				PRODUCT_NAME = "$(TARGET_NAME)";
				SWIFT_VERSION = 3.0;
			};
			name = Release;
		};
		E240082A1E5CF1A500ACE989 /* Debug */ = {
			isa = XCBuildConfiguration;
			buildSettings = {
				ALWAYS_EMBED_SWIFT_STANDARD_LIBRARIES = YES;
				BUNDLE_LOADER = "$(TEST_HOST)";
				INFOPLIST_FILE = kataShortestPathLengthTests/Info.plist;
				LD_RUNPATH_SEARCH_PATHS = "$(inherited) @executable_path/Frameworks @loader_path/Frameworks";
				PRODUCT_BUNDLE_IDENTIFIER = com.vivekvardhan.kataShortestPathLengthTests;
				PRODUCT_NAME = "$(TARGET_NAME)";
				SWIFT_VERSION = 3.0;
				TEST_HOST = "$(BUILT_PRODUCTS_DIR)/kataShortestPathLength.app/kataShortestPathLength";
			};
			name = Debug;
		};
		E240082B1E5CF1A500ACE989 /* Release */ = {
			isa = XCBuildConfiguration;
			buildSettings = {
				ALWAYS_EMBED_SWIFT_STANDARD_LIBRARIES = YES;
				BUNDLE_LOADER = "$(TEST_HOST)";
				INFOPLIST_FILE = kataShortestPathLengthTests/Info.plist;
				LD_RUNPATH_SEARCH_PATHS = "$(inherited) @executable_path/Frameworks @loader_path/Frameworks";
				PRODUCT_BUNDLE_IDENTIFIER = com.vivekvardhan.kataShortestPathLengthTests;
				PRODUCT_NAME = "$(TARGET_NAME)";
				SWIFT_VERSION = 3.0;
				TEST_HOST = "$(BUILT_PRODUCTS_DIR)/kataShortestPathLength.app/kataShortestPathLength";
			};
			name = Release;
		};
/* End XCBuildConfiguration section */

/* Begin XCConfigurationList section */
		E24008041E5CF1A400ACE989 /* Build configuration list for PBXProject "kataShortestPathLength" */ = {
			isa = XCConfigurationList;
			buildConfigurations = (
				E24008241E5CF1A500ACE989 /* Debug */,
				E24008251E5CF1A500ACE989 /* Release */,
			);
			defaultConfigurationIsVisible = 0;
			defaultConfigurationName = Release;
		};
		E24008261E5CF1A500ACE989 /* Build configuration list for PBXNativeTarget "kataShortestPathLength" */ = {
			isa = XCConfigurationList;
			buildConfigurations = (
				E24008271E5CF1A500ACE989 /* Debug */,
				E24008281E5CF1A500ACE989 /* Release */,
			);
			defaultConfigurationIsVisible = 0;
			defaultConfigurationName = Release;
		};
		E24008291E5CF1A500ACE989 /* Build configuration list for PBXNativeTarget "kataShortestPathLengthTests" */ = {
			isa = XCConfigurationList;
			buildConfigurations = (
				E240082A1E5CF1A500ACE989 /* Debug */,
				E240082B1E5CF1A500ACE989 /* Release */,
			);
			defaultConfigurationIsVisible = 0;
			defaultConfigurationName = Release;
		};
/* End XCConfigurationList section */
	};
	rootObject = E24008011E5CF1A400ACE989 /* Project object */;
}
